{
  "version": "4",
  "specifiers": {
    "jsr:@david/code-block-writer@13": "13.0.3",
    "jsr:@lost-c3/lib@3.2.3": "3.2.3",
    "jsr:@lost-c3/lib@3.2.4": "3.2.4",
    "jsr:@lost-c3/lib@3.3.0": "3.3.0",
    "jsr:@lost-c3/lib@3.3.4": "3.3.4",
    "jsr:@lost-c3/lib@4.0.0": "4.0.0",
    "jsr:@lost-c3/lib@4.0.1": "4.0.1",
    "jsr:@lost-c3/lib@4.0.2": "4.0.2",
    "jsr:@lost-c3/lib@4.0.3": "4.0.3",
    "jsr:@std/cli@1.0.6": "1.0.6",
    "jsr:@std/fmt@1.0.2": "1.0.2",
    "jsr:@std/fs@1": "1.0.8",
    "jsr:@std/path@1": "1.0.8",
    "jsr:@std/path@1.0.6": "1.0.6",
    "jsr:@std/path@1.0.8": "1.0.8",
    "jsr:@std/path@^1.0.8": "1.0.8",
    "jsr:@ts-morph/common@0.25": "0.25.0",
    "jsr:@ts-morph/ts-morph@24.0.0": "24.0.0",
    "jsr:@zip-js/zip-js@2.7.53": "2.7.53",
    "npm:@types/node@*": "22.5.4",
    "npm:ts-md5@1.3.1": "1.3.1",
    "npm:types-package-json@2.0.39": "2.0.39",
    "npm:uglify-js@3.19.3": "3.19.3"
  },
  "jsr": {
    "@david/code-block-writer@13.0.3": {
      "integrity": "f98c77d320f5957899a61bfb7a9bead7c6d83ad1515daee92dbacc861e13bb7f"
    },
    "@lost-c3/lib@3.2.3": {
      "integrity": "2ca4cc3e19d8efcfb040de8a8a0950e105713ac38461b6e0d4b765be96283eae",
      "dependencies": [
        "jsr:@std/cli",
        "jsr:@std/fmt",
        "jsr:@std/fs",
        "jsr:@std/path@1.0.6",
        "jsr:@std/path@1.0.8",
        "jsr:@ts-morph/ts-morph",
        "jsr:@zip-js/zip-js",
        "npm:ts-md5"
      ]
    },
    "@lost-c3/lib@3.2.4": {
      "integrity": "e0770dc938e355721738a1983458167875d6f4afafed0f4a3c4afca7727e5e9c",
      "dependencies": [
        "jsr:@std/cli",
        "jsr:@std/fmt",
        "jsr:@std/fs",
        "jsr:@std/path@1.0.6",
        "jsr:@std/path@1.0.8",
        "jsr:@ts-morph/ts-morph",
        "jsr:@zip-js/zip-js",
        "npm:ts-md5"
      ]
    },
    "@lost-c3/lib@3.3.0": {
      "integrity": "7e3499666cd463742134c241e277ad06cf9d29955669e2fd59f75b80a209f5c6",
      "dependencies": [
        "jsr:@std/cli",
        "jsr:@std/fmt",
        "jsr:@std/fs",
        "jsr:@std/path@1.0.6",
        "jsr:@std/path@1.0.8",
        "jsr:@ts-morph/ts-morph",
        "jsr:@zip-js/zip-js",
        "npm:ts-md5",
        "npm:uglify-js"
      ]
    },
    "@lost-c3/lib@3.3.4": {
      "integrity": "d668b85dac1983ddc50144c19511f21e3400ceed0adca00d0b9c263421e10b32",
      "dependencies": [
        "jsr:@std/cli",
        "jsr:@std/fmt",
        "jsr:@std/fs",
        "jsr:@std/path@1.0.6",
        "jsr:@std/path@1.0.8",
        "jsr:@ts-morph/ts-morph",
        "jsr:@zip-js/zip-js",
        "npm:ts-md5",
        "npm:types-package-json",
        "npm:uglify-js"
      ]
    },
    "@lost-c3/lib@4.0.0": {
      "integrity": "8e41cf78e0b8bd42f279943873b99e936f780ca5461c701d7c67bec6aa249cef",
      "dependencies": [
        "jsr:@std/cli",
        "jsr:@std/fmt",
        "jsr:@std/fs",
        "jsr:@std/path@1.0.8",
        "jsr:@ts-morph/ts-morph",
        "jsr:@zip-js/zip-js",
        "npm:ts-md5",
        "npm:types-package-json",
        "npm:uglify-js"
      ]
    },
    "@lost-c3/lib@4.0.1": {
      "integrity": "1c44ad3551d0d5d69f2c5db2b48a0c0eb64ff70374655da42634dd54842eada6",
      "dependencies": [
        "jsr:@std/cli",
        "jsr:@std/fmt",
        "jsr:@std/fs",
        "jsr:@std/path@1.0.8",
        "jsr:@ts-morph/ts-morph",
        "jsr:@zip-js/zip-js",
        "npm:ts-md5",
        "npm:types-package-json",
        "npm:uglify-js"
      ]
    },
    "@lost-c3/lib@4.0.2": {
      "integrity": "d8a8ab840c7db3b088eed1ea1fcab3ca872adfef327bb948b4e7d8dc91051889",
      "dependencies": [
        "jsr:@std/cli",
        "jsr:@std/fmt",
        "jsr:@std/fs",
        "jsr:@std/path@1.0.8",
        "jsr:@ts-morph/ts-morph",
        "jsr:@zip-js/zip-js",
        "npm:ts-md5",
        "npm:types-package-json",
        "npm:uglify-js"
      ]
    },
    "@lost-c3/lib@4.0.3": {
      "integrity": "c368326f456b516fc2aaa73025cdf2a9838045fe2054433b33664fd4d74b3e27",
      "dependencies": [
        "jsr:@std/cli",
        "jsr:@std/fmt",
        "jsr:@std/fs",
        "jsr:@std/path@1.0.8",
        "jsr:@ts-morph/ts-morph",
        "jsr:@zip-js/zip-js",
        "npm:ts-md5",
        "npm:types-package-json",
        "npm:uglify-js"
      ]
    },
    "@std/cli@1.0.6": {
      "integrity": "d22d8b38c66c666d7ad1f2a66c5b122da1704f985d3c47f01129f05abb6c5d3d"
    },
    "@std/fmt@1.0.2": {
      "integrity": "87e9dfcdd3ca7c066e0c3c657c1f987c82888eb8103a3a3baa62684ffeb0f7a7"
    },
    "@std/fs@1.0.6": {
      "integrity": "42b56e1e41b75583a21d5a37f6a6a27de9f510bcd36c0c85791d685ca0b85fa2",
      "dependencies": [
        "jsr:@std/path@^1.0.8"
      ]
    },
    "@std/fs@1.0.7": {
      "integrity": "95ac7326e0e59089c979706e17bb28db03b5fb41c5a37c9c556788198b0662d6",
      "dependencies": [
        "jsr:@std/path@^1.0.8"
      ]
    },
    "@std/fs@1.0.8": {
      "integrity": "161c721b6f9400b8100a851b6f4061431c538b204bb76c501d02c508995cffe0",
      "dependencies": [
        "jsr:@std/path@^1.0.8"
      ]
    },
    "@std/path@1.0.6": {
      "integrity": "ab2c55f902b380cf28e0eec501b4906e4c1960d13f00e11cfbcd21de15f18fed"
    },
    "@std/path@1.0.8": {
      "integrity": "548fa456bb6a04d3c1a1e7477986b6cffbce95102d0bb447c67c4ee70e0364be"
    },
    "@ts-morph/common@0.25.0": {
      "integrity": "e3ed1771e2fb61fbc3d2cb39ebbc4f89cd686d6d9bc6d91a71372be055ac1967",
      "dependencies": [
        "jsr:@std/fs",
        "jsr:@std/path@1"
      ]
    },
    "@ts-morph/ts-morph@24.0.0": {
      "integrity": "d72074cb953e45f53ec85181dffaf32b68a722188a145e3008410fd2782690ec",
      "dependencies": [
        "jsr:@david/code-block-writer",
        "jsr:@ts-morph/common"
      ]
    },
    "@zip-js/zip-js@2.7.53": {
      "integrity": "acea5bd8e01feb3fe4c242cfbde7d33dd5e006549a4eb1d15283bc0c778ed672"
    }
  },
  "npm": {
    "@types/node@22.5.4": {
      "integrity": "sha512-FDuKUJQm/ju9fT/SeX/6+gBzoPzlVCzfzmGkwKvRHQVxi4BntVbyIwf6a4Xn62mrvndLiml6z/UBXIdEVjQLXg==",
      "dependencies": [
        "undici-types"
      ]
    },
    "ts-md5@1.3.1": {
      "integrity": "sha512-DiwiXfwvcTeZ5wCE0z+2A9EseZsztaiZtGrtSaY5JOD7ekPnR/GoIVD5gXZAlK9Na9Kvpo9Waz5rW64WKAWApg=="
    },
    "types-package-json@2.0.39": {
      "integrity": "sha512-c8ua5W1Uu6x7LAwtwSGCl46cHmj+r2eAA+lXR1CluIZotu9V03ZHcGB9wKRZE2oIAX5IzMP/rxDV9g9ikCg9Nw=="
    },
    "uglify-js@3.19.3": {
      "integrity": "sha512-v3Xu+yuwBXisp6QYTcH4UbH+xYJXqnq2m/LtQVWKWzYc1iehYnLixoQDN9FH6/j9/oybfd6W9Ghwkl8+UMKTKQ=="
    },
    "undici-types@6.19.8": {
      "integrity": "sha512-ve2KP6f/JnbPBFyobGHuerC9g1FYGn/F8n1LWTwNxCEzd6IfqTwUQcNXgEtmmQ6DlRrC1hrSrBnCZPokRrDHjw=="
    }
  }
}
